
Microsoft Visual Studio Solution File, Format Version 12.00
# Visual Studio Version 17
VisualStudioVersion = 17.8.34525.116
MinimumVisualStudioVersion = 10.0.40219.1
Project("{FAE04EC0-301F-11D3-BF4B-00C04F79EFBC}") = "PaymentAPI", "PaymentAPI\PaymentAPI.csproj", "{C6772A58-66D4-4956-82B3-C534F28C1E60}"
EndProject
Global
	GlobalSection(SolutionConfigurationPlatforms) = preSolution
		Debug|Any CPU = Debug|Any CPU
		Release|Any CPU = Release|Any CPU
	EndGlobalSection
	GlobalSection(ProjectConfigurationPlatforms) = postSolution
		{C6772A58-66D4-4956-82B3-C534F28C1E60}.Debug|Any CPU.ActiveCfg = Debug|Any CPU
		{C6772A58-66D4-4956-82B3-C534F28C1E60}.Debug|Any CPU.Build.0 = Debug|Any CPU
		{C6772A58-66D4-4956-82B3-C534F28C1E60}.Release|Any CPU.ActiveCfg = Release|Any CPU
		{C6772A58-66D4-4956-82B3-C534F28C1E60}.Release|Any CPU.Build.0 = Release|Any CPU
	EndGlobalSection
	GlobalSection(SolutionProperties) = preSolution
		HideSolutionNode = FALSE
	EndGlobalSection
	GlobalSection(ExtensibilityGlobals) = postSolution
		SolutionGuid = {AA9771F7-9ACF-47A4-8F82-3B75F62E99AA}
	EndGlobalSection
EndGlobal
